{
  "requires": true,
  "lockfileVersion": 1,
  "dependencies": {
    "cordova-plugin-canvas2image": {
      "version": "git+https://github.com/devgeeks/Canvas2ImagePlugin.git#7cb80bb880373f788b5f3c653605e1d533baeabc",
      "from": "git+https://github.com/devgeeks/Canvas2ImagePlugin.git"
    }
  }
}
